
Microsoft Visual Studio Solution File, Format Version 12.00
# Visual Studio Version 17
VisualStudioVersion = 17.13.35931.197 d17.13
MinimumVisualStudioVersion = 10.0.40219.1
Project("{FAE04EC0-301F-11D3-BF4B-00C04F79EFBC}") = "WebApi01", "WebApi01\WebApi01.csproj", "{CC15D4E1-4AC5-4D1D-A2E4-39C3BDC3F980}"
EndProject
Project("{FAE04EC0-301F-11D3-BF4B-00C04F79EFBC}") = "WebApi02", "WebApi02\WebApi02.csproj", "{24AD88E6-65B6-466C-BA5C-12E609A737ED}"
EndProject
Global
	GlobalSection(SolutionConfigurationPlatforms) = preSolution
		Debug|Any CPU = Debug|Any CPU
		Release|Any CPU = Release|Any CPU
	EndGlobalSection
	GlobalSection(ProjectConfigurationPlatforms) = postSolution
		{CC15D4E1-4AC5-4D1D-A2E4-39C3BDC3F980}.Debug|Any CPU.ActiveCfg = Debug|Any CPU
		{CC15D4E1-4AC5-4D1D-A2E4-39C3BDC3F980}.Debug|Any CPU.Build.0 = Debug|Any CPU
		{CC15D4E1-4AC5-4D1D-A2E4-39C3BDC3F980}.Release|Any CPU.ActiveCfg = Release|Any CPU
		{CC15D4E1-4AC5-4D1D-A2E4-39C3BDC3F980}.Release|Any CPU.Build.0 = Release|Any CPU
		{24AD88E6-65B6-466C-BA5C-12E609A737ED}.Debug|Any CPU.ActiveCfg = Debug|Any CPU
		{24AD88E6-65B6-466C-BA5C-12E609A737ED}.Debug|Any CPU.Build.0 = Debug|Any CPU
		{24AD88E6-65B6-466C-BA5C-12E609A737ED}.Release|Any CPU.ActiveCfg = Release|Any CPU
		{24AD88E6-65B6-466C-BA5C-12E609A737ED}.Release|Any CPU.Build.0 = Release|Any CPU
	EndGlobalSection
	GlobalSection(SolutionProperties) = preSolution
		HideSolutionNode = FALSE
	EndGlobalSection
	GlobalSection(ExtensibilityGlobals) = postSolution
		SolutionGuid = {03F6BECE-1A9E-4D97-B744-BEF4A96B5EA0}
	EndGlobalSection
EndGlobal
