
Microsoft Visual Studio Solution File, Format Version 12.00
# Visual Studio Version 17
VisualStudioVersion = 17.13.35931.197 d17.13
MinimumVisualStudioVersion = 10.0.40219.1
Project("{FAE04EC0-301F-11D3-BF4B-00C04F79EFBC}") = "WebApi01", "WebApi01\WebApi01.csproj", "{C9C8D6B6-F667-4187-AEDE-7872454CAB3B}"
EndProject
Project("{FAE04EC0-301F-11D3-BF4B-00C04F79EFBC}") = "WpfTodoListApp", "WpfTodoListApp\WpfTodoListApp.csproj", "{7413DAA8-DCE3-49AA-A1AE-3FB453204DFF}"
EndProject
Global
	GlobalSection(SolutionConfigurationPlatforms) = preSolution
		Debug|Any CPU = Debug|Any CPU
		Release|Any CPU = Release|Any CPU
	EndGlobalSection
	GlobalSection(ProjectConfigurationPlatforms) = postSolution
		{C9C8D6B6-F667-4187-AEDE-7872454CAB3B}.Debug|Any CPU.ActiveCfg = Debug|Any CPU
		{C9C8D6B6-F667-4187-AEDE-7872454CAB3B}.Debug|Any CPU.Build.0 = Debug|Any CPU
		{C9C8D6B6-F667-4187-AEDE-7872454CAB3B}.Release|Any CPU.ActiveCfg = Release|Any CPU
		{C9C8D6B6-F667-4187-AEDE-7872454CAB3B}.Release|Any CPU.Build.0 = Release|Any CPU
		{7413DAA8-DCE3-49AA-A1AE-3FB453204DFF}.Debug|Any CPU.ActiveCfg = Debug|Any CPU
		{7413DAA8-DCE3-49AA-A1AE-3FB453204DFF}.Debug|Any CPU.Build.0 = Debug|Any CPU
		{7413DAA8-DCE3-49AA-A1AE-3FB453204DFF}.Release|Any CPU.ActiveCfg = Release|Any CPU
		{7413DAA8-DCE3-49AA-A1AE-3FB453204DFF}.Release|Any CPU.Build.0 = Release|Any CPU
	EndGlobalSection
	GlobalSection(SolutionProperties) = preSolution
		HideSolutionNode = FALSE
	EndGlobalSection
	GlobalSection(ExtensibilityGlobals) = postSolution
		SolutionGuid = {4C8355C8-205A-41A7-8FEC-8F6DC78B0B45}
	EndGlobalSection
EndGlobal
